
Microsoft Visual Studio Solution File, Format Version 12.00
# Visual Studio 15
VisualStudioVersion = 15.0.28010.2046
MinimumVisualStudioVersion = 10.0.40219.1
Project("{FAE04EC0-301F-11D3-BF4B-00C04F79EFBC}") = "Task1.1", "Task1.1\Task1.1.csproj", "{7019A62C-8B11-42FC-93B0-163A8895D127}"
EndProject
Project("{FAE04EC0-301F-11D3-BF4B-00C04F79EFBC}") = "Task1.3", "Task1.3\Task1.3.csproj", "{293EB171-E824-4655-B07B-A26A4BE39998}"
EndProject
Project("{FAE04EC0-301F-11D3-BF4B-00C04F79EFBC}") = "Task1.4", "Task1.4\Task1.4.csproj", "{1D77A96B-C7A7-42E4-8280-39AC276BED03}"
EndProject
Project("{FAE04EC0-301F-11D3-BF4B-00C04F79EFBC}") = "Task1.5", "Task1.5\Task1.5.csproj", "{1AA08542-951E-40D2-9BAE-0E18FB18E364}"
EndProject
Project("{FAE04EC0-301F-11D3-BF4B-00C04F79EFBC}") = "Task1.6", "Task1.6\Task1.6.csproj", "{F3BAF9BE-E087-4A2B-A72D-E1088F23F7F8}"
EndProject
Project("{FAE04EC0-301F-11D3-BF4B-00C04F79EFBC}") = "Task1.7", "Task1.7\Task1.7.csproj", "{01AA5003-98C8-4681-9204-03C997ACB288}"
EndProject
Project("{FAE04EC0-301F-11D3-BF4B-00C04F79EFBC}") = "Task1.8", "Task1.8\Task1.8.csproj", "{5FDAAB59-D3F5-48E9-9C18-CFC852A48A01}"
EndProject
Project("{FAE04EC0-301F-11D3-BF4B-00C04F79EFBC}") = "Task1.9", "Task1.9\Task1.9.csproj", "{707F0610-C121-471E-B58B-5A71E8FDAAB8}"
EndProject
Project("{FAE04EC0-301F-11D3-BF4B-00C04F79EFBC}") = "Task1.10", "Task1.10\Task1.10.csproj", "{2B852EF1-271C-433B-A51E-12127F2E4581}"
EndProject
Project("{FAE04EC0-301F-11D3-BF4B-00C04F79EFBC}") = "Task1.11", "Task1.11\Task1.11.csproj", "{2917EB65-8735-4E40-8D0C-5278B0D8E76B}"
EndProject
Project("{FAE04EC0-301F-11D3-BF4B-00C04F79EFBC}") = "Task1.12", "Task1.12\Task1.12.csproj", "{04BDE432-8B96-43F3-B47A-42721B6BCDF1}"
EndProject
Project("{FAE04EC0-301F-11D3-BF4B-00C04F79EFBC}") = "Task1.13", "Task1.13\Task1.13.csproj", "{9090698E-2C26-4509-BC82-248B15E22258}"
EndProject
Project("{FAE04EC0-301F-11D3-BF4B-00C04F79EFBC}") = "Task1.2", "Task1.2\Task1.2.csproj", "{726AB2FA-D023-4D77-833E-A286FA4DE8D6}"
EndProject
Global
	GlobalSection(SolutionConfigurationPlatforms) = preSolution
		Debug|Any CPU = Debug|Any CPU
		Release|Any CPU = Release|Any CPU
	EndGlobalSection
	GlobalSection(ProjectConfigurationPlatforms) = postSolution
		{7019A62C-8B11-42FC-93B0-163A8895D127}.Debug|Any CPU.ActiveCfg = Debug|Any CPU
		{7019A62C-8B11-42FC-93B0-163A8895D127}.Debug|Any CPU.Build.0 = Debug|Any CPU
		{7019A62C-8B11-42FC-93B0-163A8895D127}.Release|Any CPU.ActiveCfg = Release|Any CPU
		{7019A62C-8B11-42FC-93B0-163A8895D127}.Release|Any CPU.Build.0 = Release|Any CPU
		{293EB171-E824-4655-B07B-A26A4BE39998}.Debug|Any CPU.ActiveCfg = Debug|Any CPU
		{293EB171-E824-4655-B07B-A26A4BE39998}.Debug|Any CPU.Build.0 = Debug|Any CPU
		{293EB171-E824-4655-B07B-A26A4BE39998}.Release|Any CPU.ActiveCfg = Release|Any CPU
		{293EB171-E824-4655-B07B-A26A4BE39998}.Release|Any CPU.Build.0 = Release|Any CPU
		{1D77A96B-C7A7-42E4-8280-39AC276BED03}.Debug|Any CPU.ActiveCfg = Debug|Any CPU
		{1D77A96B-C7A7-42E4-8280-39AC276BED03}.Debug|Any CPU.Build.0 = Debug|Any CPU
		{1D77A96B-C7A7-42E4-8280-39AC276BED03}.Release|Any CPU.ActiveCfg = Release|Any CPU
		{1D77A96B-C7A7-42E4-8280-39AC276BED03}.Release|Any CPU.Build.0 = Release|Any CPU
		{1AA08542-951E-40D2-9BAE-0E18FB18E364}.Debug|Any CPU.ActiveCfg = Debug|Any CPU
		{1AA08542-951E-40D2-9BAE-0E18FB18E364}.Debug|Any CPU.Build.0 = Debug|Any CPU
		{1AA08542-951E-40D2-9BAE-0E18FB18E364}.Release|Any CPU.ActiveCfg = Release|Any CPU
		{1AA08542-951E-40D2-9BAE-0E18FB18E364}.Release|Any CPU.Build.0 = Release|Any CPU
		{F3BAF9BE-E087-4A2B-A72D-E1088F23F7F8}.Debug|Any CPU.ActiveCfg = Debug|Any CPU
		{F3BAF9BE-E087-4A2B-A72D-E1088F23F7F8}.Debug|Any CPU.Build.0 = Debug|Any CPU
		{F3BAF9BE-E087-4A2B-A72D-E1088F23F7F8}.Release|Any CPU.ActiveCfg = Release|Any CPU
		{F3BAF9BE-E087-4A2B-A72D-E1088F23F7F8}.Release|Any CPU.Build.0 = Release|Any CPU
		{01AA5003-98C8-4681-9204-03C997ACB288}.Debug|Any CPU.ActiveCfg = Debug|Any CPU
		{01AA5003-98C8-4681-9204-03C997ACB288}.Debug|Any CPU.Build.0 = Debug|Any CPU
		{01AA5003-98C8-4681-9204-03C997ACB288}.Release|Any CPU.ActiveCfg = Release|Any CPU
		{01AA5003-98C8-4681-9204-03C997ACB288}.Release|Any CPU.Build.0 = Release|Any CPU
		{5FDAAB59-D3F5-48E9-9C18-CFC852A48A01}.Debug|Any CPU.ActiveCfg = Debug|Any CPU
		{5FDAAB59-D3F5-48E9-9C18-CFC852A48A01}.Debug|Any CPU.Build.0 = Debug|Any CPU
		{5FDAAB59-D3F5-48E9-9C18-CFC852A48A01}.Release|Any CPU.ActiveCfg = Release|Any CPU
		{5FDAAB59-D3F5-48E9-9C18-CFC852A48A01}.Release|Any CPU.Build.0 = Release|Any CPU
		{707F0610-C121-471E-B58B-5A71E8FDAAB8}.Debug|Any CPU.ActiveCfg = Debug|Any CPU
		{707F0610-C121-471E-B58B-5A71E8FDAAB8}.Debug|Any CPU.Build.0 = Debug|Any CPU
		{707F0610-C121-471E-B58B-5A71E8FDAAB8}.Release|Any CPU.ActiveCfg = Release|Any CPU
		{707F0610-C121-471E-B58B-5A71E8FDAAB8}.Release|Any CPU.Build.0 = Release|Any CPU
		{2B852EF1-271C-433B-A51E-12127F2E4581}.Debug|Any CPU.ActiveCfg = Debug|Any CPU
		{2B852EF1-271C-433B-A51E-12127F2E4581}.Debug|Any CPU.Build.0 = Debug|Any CPU
		{2B852EF1-271C-433B-A51E-12127F2E4581}.Release|Any CPU.ActiveCfg = Release|Any CPU
		{2B852EF1-271C-433B-A51E-12127F2E4581}.Release|Any CPU.Build.0 = Release|Any CPU
		{2917EB65-8735-4E40-8D0C-5278B0D8E76B}.Debug|Any CPU.ActiveCfg = Debug|Any CPU
		{2917EB65-8735-4E40-8D0C-5278B0D8E76B}.Debug|Any CPU.Build.0 = Debug|Any CPU
		{2917EB65-8735-4E40-8D0C-5278B0D8E76B}.Release|Any CPU.ActiveCfg = Release|Any CPU
		{2917EB65-8735-4E40-8D0C-5278B0D8E76B}.Release|Any CPU.Build.0 = Release|Any CPU
		{04BDE432-8B96-43F3-B47A-42721B6BCDF1}.Debug|Any CPU.ActiveCfg = Debug|Any CPU
		{04BDE432-8B96-43F3-B47A-42721B6BCDF1}.Debug|Any CPU.Build.0 = Debug|Any CPU
		{04BDE432-8B96-43F3-B47A-42721B6BCDF1}.Release|Any CPU.ActiveCfg = Release|Any CPU
		{04BDE432-8B96-43F3-B47A-42721B6BCDF1}.Release|Any CPU.Build.0 = Release|Any CPU
		{9090698E-2C26-4509-BC82-248B15E22258}.Debug|Any CPU.ActiveCfg = Debug|Any CPU
		{9090698E-2C26-4509-BC82-248B15E22258}.Debug|Any CPU.Build.0 = Debug|Any CPU
		{9090698E-2C26-4509-BC82-248B15E22258}.Release|Any CPU.ActiveCfg = Release|Any CPU
		{9090698E-2C26-4509-BC82-248B15E22258}.Release|Any CPU.Build.0 = Release|Any CPU
		{726AB2FA-D023-4D77-833E-A286FA4DE8D6}.Debug|Any CPU.ActiveCfg = Debug|Any CPU
		{726AB2FA-D023-4D77-833E-A286FA4DE8D6}.Debug|Any CPU.Build.0 = Debug|Any CPU
		{726AB2FA-D023-4D77-833E-A286FA4DE8D6}.Release|Any CPU.ActiveCfg = Release|Any CPU
		{726AB2FA-D023-4D77-833E-A286FA4DE8D6}.Release|Any CPU.Build.0 = Release|Any CPU
	EndGlobalSection
	GlobalSection(SolutionProperties) = preSolution
		HideSolutionNode = FALSE
	EndGlobalSection
	GlobalSection(ExtensibilityGlobals) = postSolution
		SolutionGuid = {7EC74972-67F9-4DF1-9385-0FCBB4187161}
	EndGlobalSection
EndGlobal
